
Microsoft Visual Studio Solution File, Format Version 12.00
# Visual Studio Version 16
VisualStudioVersion = 16.0.29728.190
MinimumVisualStudioVersion = 10.0.40219.1
Project("{FAE04EC0-301F-11D3-BF4B-00C04F79EFBC}") = "MyWebApi", "MyWebApi\MyWebApi.csproj", "{396B3C14-83C2-422B-87B3-89D9D1A4778C}"
EndProject
Global
	GlobalSection(SolutionConfigurationPlatforms) = preSolution
		Debug|Any CPU = Debug|Any CPU
		Release|Any CPU = Release|Any CPU
	EndGlobalSection
	GlobalSection(ProjectConfigurationPlatforms) = postSolution
		{396B3C14-83C2-422B-87B3-89D9D1A4778C}.Debug|Any CPU.ActiveCfg = Debug|Any CPU
		{396B3C14-83C2-422B-87B3-89D9D1A4778C}.Debug|Any CPU.Build.0 = Debug|Any CPU
		{396B3C14-83C2-422B-87B3-89D9D1A4778C}.Release|Any CPU.ActiveCfg = Release|Any CPU
		{396B3C14-83C2-422B-87B3-89D9D1A4778C}.Release|Any CPU.Build.0 = Release|Any CPU
	EndGlobalSection
	GlobalSection(SolutionProperties) = preSolution
		HideSolutionNode = FALSE
	EndGlobalSection
	GlobalSection(ExtensibilityGlobals) = postSolution
		SolutionGuid = {C174EE1A-BF5E-4D62-AA53-E9234B382980}
	EndGlobalSection
EndGlobal
